
Microsoft Visual Studio Solution File, Format Version 12.00
# Visual Studio 15
VisualStudioVersion = 15.0.28307.271
MinimumVisualStudioVersion = 10.0.40219.1
Project("{8BC9CEB8-8B4A-11D0-8D11-00A0C91BC942}") = "function", "function\function.vcxproj", "{18FEE103-57B8-4BDF-B39A-84BD983D3269}"
EndProject
Global
	GlobalSection(SolutionConfigurationPlatforms) = preSolution
		Debug|x64 = Debug|x64
		Debug|x86 = Debug|x86
		Release|x64 = Release|x64
		Release|x86 = Release|x86
	EndGlobalSection
	GlobalSection(ProjectConfigurationPlatforms) = postSolution
		{18FEE103-57B8-4BDF-B39A-84BD983D3269}.Debug|x64.ActiveCfg = Debug|x64
		{18FEE103-57B8-4BDF-B39A-84BD983D3269}.Debug|x64.Build.0 = Debug|x64
		{18FEE103-57B8-4BDF-B39A-84BD983D3269}.Debug|x86.ActiveCfg = Debug|Win32
		{18FEE103-57B8-4BDF-B39A-84BD983D3269}.Debug|x86.Build.0 = Debug|Win32
		{18FEE103-57B8-4BDF-B39A-84BD983D3269}.Release|x64.ActiveCfg = Release|x64
		{18FEE103-57B8-4BDF-B39A-84BD983D3269}.Release|x64.Build.0 = Release|x64
		{18FEE103-57B8-4BDF-B39A-84BD983D3269}.Release|x86.ActiveCfg = Release|Win32
		{18FEE103-57B8-4BDF-B39A-84BD983D3269}.Release|x86.Build.0 = Release|Win32
	EndGlobalSection
	GlobalSection(SolutionProperties) = preSolution
		HideSolutionNode = FALSE
	EndGlobalSection
	GlobalSection(ExtensibilityGlobals) = postSolution
		SolutionGuid = {B3532BB4-D17B-4E0C-BF5B-0295C29D5E0F}
	EndGlobalSection
EndGlobal
