
Microsoft Visual Studio Solution File, Format Version 12.00
# Visual Studio 15
VisualStudioVersion = 15.0.28307.1738
MinimumVisualStudioVersion = 10.0.40219.1
Project("{8BC9CEB8-8B4A-11D0-8D11-00A0C91BC942}") = "0808", "0808.vcxproj", "{EED8C96A-4B8D-430A-963F-3C371182889D}"
EndProject
Global
	GlobalSection(SolutionConfigurationPlatforms) = preSolution
		Debug|x64 = Debug|x64
		Debug|x86 = Debug|x86
		Release|x64 = Release|x64
		Release|x86 = Release|x86
	EndGlobalSection
	GlobalSection(ProjectConfigurationPlatforms) = postSolution
		{EED8C96A-4B8D-430A-963F-3C371182889D}.Debug|x64.ActiveCfg = Debug|x64
		{EED8C96A-4B8D-430A-963F-3C371182889D}.Debug|x64.Build.0 = Debug|x64
		{EED8C96A-4B8D-430A-963F-3C371182889D}.Debug|x86.ActiveCfg = Debug|Win32
		{EED8C96A-4B8D-430A-963F-3C371182889D}.Debug|x86.Build.0 = Debug|Win32
		{EED8C96A-4B8D-430A-963F-3C371182889D}.Release|x64.ActiveCfg = Release|x64
		{EED8C96A-4B8D-430A-963F-3C371182889D}.Release|x64.Build.0 = Release|x64
		{EED8C96A-4B8D-430A-963F-3C371182889D}.Release|x86.ActiveCfg = Release|Win32
		{EED8C96A-4B8D-430A-963F-3C371182889D}.Release|x86.Build.0 = Release|Win32
	EndGlobalSection
	GlobalSection(SolutionProperties) = preSolution
		HideSolutionNode = FALSE
	EndGlobalSection
	GlobalSection(ExtensibilityGlobals) = postSolution
		SolutionGuid = {E4EB12F4-2886-4F40-81ED-B448E9EF6FEF}
	EndGlobalSection
EndGlobal
