
Microsoft Visual Studio Solution File, Format Version 12.00
# Visual Studio Version 17
VisualStudioVersion = 17.3.32922.545
MinimumVisualStudioVersion = 10.0.40219.1
Project("{8BC9CEB8-8B4A-11D0-8D11-00A0C91BC942}") = "0801", "0801\0801.vcxproj", "{81FCFE07-07B9-4592-A6FE-034D2ADC0D4F}"
EndProject
Project("{8BC9CEB8-8B4A-11D0-8D11-00A0C91BC942}") = "0801Drill", "0801Drill\08Drill.vcxproj", "{01103E35-F901-4541-BE09-C1F0345CA685}"
EndProject
Project("{8BC9CEB8-8B4A-11D0-8D11-00A0C91BC942}") = "0802Drill", "0802Drill\0802Drill.vcxproj", "{37BDEABB-C088-4A3F-9B64-5A52AA2FB71E}"
EndProject
Project("{8BC9CEB8-8B4A-11D0-8D11-00A0C91BC942}") = "0803Drill", "0803Drill\0803Drill.vcxproj", "{34FCEDF4-BAAA-44B7-BE38-8ED63DC75434}"
EndProject
Project("{8BC9CEB8-8B4A-11D0-8D11-00A0C91BC942}") = "0804", "0804\0804.vcxproj", "{8C51B296-A40E-458E-BD24-F9CB65AF5613}"
EndProject
Project("{8BC9CEB8-8B4A-11D0-8D11-00A0C91BC942}") = "0805", "0805\0805.vcxproj", "{531C59FF-CA9B-4D3F-B52A-F9925FA54ACF}"
EndProject
Project("{8BC9CEB8-8B4A-11D0-8D11-00A0C91BC942}") = "0806", "0806\0806.vcxproj", "{AB5C8610-7312-42A4-BF77-241DADE97645}"
EndProject
Project("{8BC9CEB8-8B4A-11D0-8D11-00A0C91BC942}") = "0808", "0808\0808.vcxproj", "{EED8C96A-4B8D-430A-963F-3C371182889D}"
EndProject
Project("{8BC9CEB8-8B4A-11D0-8D11-00A0C91BC942}") = "0809", "0809\0809.vcxproj", "{1DBAF0BB-A164-45A6-BDB5-133F5B2424D3}"
EndProject
Project("{8BC9CEB8-8B4A-11D0-8D11-00A0C91BC942}") = "0810", "0810\0810.vcxproj", "{21418445-9C3F-4450-B39B-C6A1A1F390EC}"
EndProject
Project("{8BC9CEB8-8B4A-11D0-8D11-00A0C91BC942}") = "0811", "0811\0811.vcxproj", "{8921A305-911D-427C-A4CF-79526EA38D86}"
EndProject
Project("{8BC9CEB8-8B4A-11D0-8D11-00A0C91BC942}") = "0812", "0812\0812.vcxproj", "{884D1A43-C2A3-4000-B299-F669808422BD}"
EndProject
Project("{8BC9CEB8-8B4A-11D0-8D11-00A0C91BC942}") = "0813", "0813\0813.vcxproj", "{78D46E8D-6B17-43F3-B5F8-B1301B5F9795}"
EndProject
Project("{8BC9CEB8-8B4A-11D0-8D11-00A0C91BC942}") = "0814", "0814\0814.vcxproj", "{BC1C9F37-61D3-49CF-ADD8-E371EE598B0F}"
EndProject
Global
	GlobalSection(SolutionConfigurationPlatforms) = preSolution
		Debug|x64 = Debug|x64
		Debug|x86 = Debug|x86
		Release|x64 = Release|x64
		Release|x86 = Release|x86
	EndGlobalSection
	GlobalSection(ProjectConfigurationPlatforms) = postSolution
		{81FCFE07-07B9-4592-A6FE-034D2ADC0D4F}.Debug|x64.ActiveCfg = Debug|x64
		{81FCFE07-07B9-4592-A6FE-034D2ADC0D4F}.Debug|x64.Build.0 = Debug|x64
		{81FCFE07-07B9-4592-A6FE-034D2ADC0D4F}.Debug|x86.ActiveCfg = Debug|Win32
		{81FCFE07-07B9-4592-A6FE-034D2ADC0D4F}.Debug|x86.Build.0 = Debug|Win32
		{81FCFE07-07B9-4592-A6FE-034D2ADC0D4F}.Release|x64.ActiveCfg = Release|x64
		{81FCFE07-07B9-4592-A6FE-034D2ADC0D4F}.Release|x64.Build.0 = Release|x64
		{81FCFE07-07B9-4592-A6FE-034D2ADC0D4F}.Release|x86.ActiveCfg = Release|Win32
		{81FCFE07-07B9-4592-A6FE-034D2ADC0D4F}.Release|x86.Build.0 = Release|Win32
		{01103E35-F901-4541-BE09-C1F0345CA685}.Debug|x64.ActiveCfg = Debug|x64
		{01103E35-F901-4541-BE09-C1F0345CA685}.Debug|x64.Build.0 = Debug|x64
		{01103E35-F901-4541-BE09-C1F0345CA685}.Debug|x86.ActiveCfg = Debug|Win32
		{01103E35-F901-4541-BE09-C1F0345CA685}.Debug|x86.Build.0 = Debug|Win32
		{01103E35-F901-4541-BE09-C1F0345CA685}.Release|x64.ActiveCfg = Release|x64
		{01103E35-F901-4541-BE09-C1F0345CA685}.Release|x64.Build.0 = Release|x64
		{01103E35-F901-4541-BE09-C1F0345CA685}.Release|x86.ActiveCfg = Release|Win32
		{01103E35-F901-4541-BE09-C1F0345CA685}.Release|x86.Build.0 = Release|Win32
		{37BDEABB-C088-4A3F-9B64-5A52AA2FB71E}.Debug|x64.ActiveCfg = Debug|x64
		{37BDEABB-C088-4A3F-9B64-5A52AA2FB71E}.Debug|x64.Build.0 = Debug|x64
		{37BDEABB-C088-4A3F-9B64-5A52AA2FB71E}.Debug|x86.ActiveCfg = Debug|Win32
		{37BDEABB-C088-4A3F-9B64-5A52AA2FB71E}.Debug|x86.Build.0 = Debug|Win32
		{37BDEABB-C088-4A3F-9B64-5A52AA2FB71E}.Release|x64.ActiveCfg = Release|x64
		{37BDEABB-C088-4A3F-9B64-5A52AA2FB71E}.Release|x64.Build.0 = Release|x64
		{37BDEABB-C088-4A3F-9B64-5A52AA2FB71E}.Release|x86.ActiveCfg = Release|Win32
		{37BDEABB-C088-4A3F-9B64-5A52AA2FB71E}.Release|x86.Build.0 = Release|Win32
		{34FCEDF4-BAAA-44B7-BE38-8ED63DC75434}.Debug|x64.ActiveCfg = Debug|x64
		{34FCEDF4-BAAA-44B7-BE38-8ED63DC75434}.Debug|x64.Build.0 = Debug|x64
		{34FCEDF4-BAAA-44B7-BE38-8ED63DC75434}.Debug|x86.ActiveCfg = Debug|Win32
		{34FCEDF4-BAAA-44B7-BE38-8ED63DC75434}.Debug|x86.Build.0 = Debug|Win32
		{34FCEDF4-BAAA-44B7-BE38-8ED63DC75434}.Release|x64.ActiveCfg = Release|x64
		{34FCEDF4-BAAA-44B7-BE38-8ED63DC75434}.Release|x64.Build.0 = Release|x64
		{34FCEDF4-BAAA-44B7-BE38-8ED63DC75434}.Release|x86.ActiveCfg = Release|Win32
		{34FCEDF4-BAAA-44B7-BE38-8ED63DC75434}.Release|x86.Build.0 = Release|Win32
		{8C51B296-A40E-458E-BD24-F9CB65AF5613}.Debug|x64.ActiveCfg = Debug|x64
		{8C51B296-A40E-458E-BD24-F9CB65AF5613}.Debug|x64.Build.0 = Debug|x64
		{8C51B296-A40E-458E-BD24-F9CB65AF5613}.Debug|x86.ActiveCfg = Debug|Win32
		{8C51B296-A40E-458E-BD24-F9CB65AF5613}.Debug|x86.Build.0 = Debug|Win32
		{8C51B296-A40E-458E-BD24-F9CB65AF5613}.Release|x64.ActiveCfg = Release|x64
		{8C51B296-A40E-458E-BD24-F9CB65AF5613}.Release|x64.Build.0 = Release|x64
		{8C51B296-A40E-458E-BD24-F9CB65AF5613}.Release|x86.ActiveCfg = Release|Win32
		{8C51B296-A40E-458E-BD24-F9CB65AF5613}.Release|x86.Build.0 = Release|Win32
		{531C59FF-CA9B-4D3F-B52A-F9925FA54ACF}.Debug|x64.ActiveCfg = Debug|x64
		{531C59FF-CA9B-4D3F-B52A-F9925FA54ACF}.Debug|x64.Build.0 = Debug|x64
		{531C59FF-CA9B-4D3F-B52A-F9925FA54ACF}.Debug|x86.ActiveCfg = Debug|Win32
		{531C59FF-CA9B-4D3F-B52A-F9925FA54ACF}.Debug|x86.Build.0 = Debug|Win32
		{531C59FF-CA9B-4D3F-B52A-F9925FA54ACF}.Release|x64.ActiveCfg = Release|x64
		{531C59FF-CA9B-4D3F-B52A-F9925FA54ACF}.Release|x64.Build.0 = Release|x64
		{531C59FF-CA9B-4D3F-B52A-F9925FA54ACF}.Release|x86.ActiveCfg = Release|Win32
		{531C59FF-CA9B-4D3F-B52A-F9925FA54ACF}.Release|x86.Build.0 = Release|Win32
		{AB5C8610-7312-42A4-BF77-241DADE97645}.Debug|x64.ActiveCfg = Debug|x64
		{AB5C8610-7312-42A4-BF77-241DADE97645}.Debug|x64.Build.0 = Debug|x64
		{AB5C8610-7312-42A4-BF77-241DADE97645}.Debug|x86.ActiveCfg = Debug|Win32
		{AB5C8610-7312-42A4-BF77-241DADE97645}.Debug|x86.Build.0 = Debug|Win32
		{AB5C8610-7312-42A4-BF77-241DADE97645}.Release|x64.ActiveCfg = Release|x64
		{AB5C8610-7312-42A4-BF77-241DADE97645}.Release|x64.Build.0 = Release|x64
		{AB5C8610-7312-42A4-BF77-241DADE97645}.Release|x86.ActiveCfg = Release|Win32
		{AB5C8610-7312-42A4-BF77-241DADE97645}.Release|x86.Build.0 = Release|Win32
		{EED8C96A-4B8D-430A-963F-3C371182889D}.Debug|x64.ActiveCfg = Debug|x64
		{EED8C96A-4B8D-430A-963F-3C371182889D}.Debug|x64.Build.0 = Debug|x64
		{EED8C96A-4B8D-430A-963F-3C371182889D}.Debug|x86.ActiveCfg = Debug|Win32
		{EED8C96A-4B8D-430A-963F-3C371182889D}.Debug|x86.Build.0 = Debug|Win32
		{EED8C96A-4B8D-430A-963F-3C371182889D}.Release|x64.ActiveCfg = Release|x64
		{EED8C96A-4B8D-430A-963F-3C371182889D}.Release|x64.Build.0 = Release|x64
		{EED8C96A-4B8D-430A-963F-3C371182889D}.Release|x86.ActiveCfg = Release|Win32
		{EED8C96A-4B8D-430A-963F-3C371182889D}.Release|x86.Build.0 = Release|Win32
		{1DBAF0BB-A164-45A6-BDB5-133F5B2424D3}.Debug|x64.ActiveCfg = Debug|x64
		{1DBAF0BB-A164-45A6-BDB5-133F5B2424D3}.Debug|x64.Build.0 = Debug|x64
		{1DBAF0BB-A164-45A6-BDB5-133F5B2424D3}.Debug|x86.ActiveCfg = Debug|Win32
		{1DBAF0BB-A164-45A6-BDB5-133F5B2424D3}.Debug|x86.Build.0 = Debug|Win32
		{1DBAF0BB-A164-45A6-BDB5-133F5B2424D3}.Release|x64.ActiveCfg = Release|x64
		{1DBAF0BB-A164-45A6-BDB5-133F5B2424D3}.Release|x64.Build.0 = Release|x64
		{1DBAF0BB-A164-45A6-BDB5-133F5B2424D3}.Release|x86.ActiveCfg = Release|Win32
		{1DBAF0BB-A164-45A6-BDB5-133F5B2424D3}.Release|x86.Build.0 = Release|Win32
		{21418445-9C3F-4450-B39B-C6A1A1F390EC}.Debug|x64.ActiveCfg = Debug|x64
		{21418445-9C3F-4450-B39B-C6A1A1F390EC}.Debug|x64.Build.0 = Debug|x64
		{21418445-9C3F-4450-B39B-C6A1A1F390EC}.Debug|x86.ActiveCfg = Debug|Win32
		{21418445-9C3F-4450-B39B-C6A1A1F390EC}.Debug|x86.Build.0 = Debug|Win32
		{21418445-9C3F-4450-B39B-C6A1A1F390EC}.Release|x64.ActiveCfg = Release|x64
		{21418445-9C3F-4450-B39B-C6A1A1F390EC}.Release|x64.Build.0 = Release|x64
		{21418445-9C3F-4450-B39B-C6A1A1F390EC}.Release|x86.ActiveCfg = Release|Win32
		{21418445-9C3F-4450-B39B-C6A1A1F390EC}.Release|x86.Build.0 = Release|Win32
		{8921A305-911D-427C-A4CF-79526EA38D86}.Debug|x64.ActiveCfg = Debug|x64
		{8921A305-911D-427C-A4CF-79526EA38D86}.Debug|x64.Build.0 = Debug|x64
		{8921A305-911D-427C-A4CF-79526EA38D86}.Debug|x86.ActiveCfg = Debug|Win32
		{8921A305-911D-427C-A4CF-79526EA38D86}.Debug|x86.Build.0 = Debug|Win32
		{8921A305-911D-427C-A4CF-79526EA38D86}.Release|x64.ActiveCfg = Release|x64
		{8921A305-911D-427C-A4CF-79526EA38D86}.Release|x64.Build.0 = Release|x64
		{8921A305-911D-427C-A4CF-79526EA38D86}.Release|x86.ActiveCfg = Release|Win32
		{8921A305-911D-427C-A4CF-79526EA38D86}.Release|x86.Build.0 = Release|Win32
		{884D1A43-C2A3-4000-B299-F669808422BD}.Debug|x64.ActiveCfg = Debug|x64
		{884D1A43-C2A3-4000-B299-F669808422BD}.Debug|x64.Build.0 = Debug|x64
		{884D1A43-C2A3-4000-B299-F669808422BD}.Debug|x86.ActiveCfg = Debug|Win32
		{884D1A43-C2A3-4000-B299-F669808422BD}.Debug|x86.Build.0 = Debug|Win32
		{884D1A43-C2A3-4000-B299-F669808422BD}.Release|x64.ActiveCfg = Release|x64
		{884D1A43-C2A3-4000-B299-F669808422BD}.Release|x64.Build.0 = Release|x64
		{884D1A43-C2A3-4000-B299-F669808422BD}.Release|x86.ActiveCfg = Release|Win32
		{884D1A43-C2A3-4000-B299-F669808422BD}.Release|x86.Build.0 = Release|Win32
		{78D46E8D-6B17-43F3-B5F8-B1301B5F9795}.Debug|x64.ActiveCfg = Debug|x64
		{78D46E8D-6B17-43F3-B5F8-B1301B5F9795}.Debug|x64.Build.0 = Debug|x64
		{78D46E8D-6B17-43F3-B5F8-B1301B5F9795}.Debug|x86.ActiveCfg = Debug|Win32
		{78D46E8D-6B17-43F3-B5F8-B1301B5F9795}.Debug|x86.Build.0 = Debug|Win32
		{78D46E8D-6B17-43F3-B5F8-B1301B5F9795}.Release|x64.ActiveCfg = Release|x64
		{78D46E8D-6B17-43F3-B5F8-B1301B5F9795}.Release|x64.Build.0 = Release|x64
		{78D46E8D-6B17-43F3-B5F8-B1301B5F9795}.Release|x86.ActiveCfg = Release|Win32
		{78D46E8D-6B17-43F3-B5F8-B1301B5F9795}.Release|x86.Build.0 = Release|Win32
		{BC1C9F37-61D3-49CF-ADD8-E371EE598B0F}.Debug|x64.ActiveCfg = Debug|x64
		{BC1C9F37-61D3-49CF-ADD8-E371EE598B0F}.Debug|x64.Build.0 = Debug|x64
		{BC1C9F37-61D3-49CF-ADD8-E371EE598B0F}.Debug|x86.ActiveCfg = Debug|Win32
		{BC1C9F37-61D3-49CF-ADD8-E371EE598B0F}.Debug|x86.Build.0 = Debug|Win32
		{BC1C9F37-61D3-49CF-ADD8-E371EE598B0F}.Release|x64.ActiveCfg = Release|x64
		{BC1C9F37-61D3-49CF-ADD8-E371EE598B0F}.Release|x64.Build.0 = Release|x64
		{BC1C9F37-61D3-49CF-ADD8-E371EE598B0F}.Release|x86.ActiveCfg = Release|Win32
		{BC1C9F37-61D3-49CF-ADD8-E371EE598B0F}.Release|x86.Build.0 = Release|Win32
	EndGlobalSection
	GlobalSection(SolutionProperties) = preSolution
		HideSolutionNode = FALSE
	EndGlobalSection
	GlobalSection(ExtensibilityGlobals) = postSolution
		SolutionGuid = {7B8E9E35-C0D9-4815-8CBC-650CA8C46EF8}
	EndGlobalSection
EndGlobal
