
Microsoft Visual Studio Solution File, Format Version 12.00
# Visual Studio Version 17
VisualStudioVersion = 17.3.32922.545
MinimumVisualStudioVersion = 10.0.40219.1
Project("{8BC9CEB8-8B4A-11D0-8D11-00A0C91BC942}") = "03", "03\03.vcxproj", "{DA38B1FD-B977-4FCA-BCE2-61596742A29E}"
EndProject
Project("{8BC9CEB8-8B4A-11D0-8D11-00A0C91BC942}") = "04", "04\04.vcxproj", "{8918A2BC-224E-4CB8-B953-39AF103F3DD0}"
EndProject
Project("{8BC9CEB8-8B4A-11D0-8D11-00A0C91BC942}") = "05", "05\05.vcxproj", "{DE95FDEB-7CC1-4C69-9701-E0248AA6B974}"
EndProject
Project("{8BC9CEB8-8B4A-11D0-8D11-00A0C91BC942}") = "06", "06\06.vcxproj", "{1C0C8898-73D1-4C5A-837B-B24CFA46B553}"
EndProject
Project("{8BC9CEB8-8B4A-11D0-8D11-00A0C91BC942}") = "07", "07\07.vcxproj", "{49EB8AA2-8164-4288-B9B4-2426A1CA777A}"
EndProject
Project("{8BC9CEB8-8B4A-11D0-8D11-00A0C91BC942}") = "08", "08\08.vcxproj", "{37C6669F-4FB8-498F-B3C1-2EA2E6E04E81}"
EndProject
Project("{8BC9CEB8-8B4A-11D0-8D11-00A0C91BC942}") = "09", "09\09.vcxproj", "{A57AC935-3CAC-432A-B592-8E37C61A5F96}"
EndProject
Project("{8BC9CEB8-8B4A-11D0-8D11-00A0C91BC942}") = "10", "10\10.vcxproj", "{AA58848E-48B5-4292-9393-4E47E31CCFE5}"
EndProject
Project("{8BC9CEB8-8B4A-11D0-8D11-00A0C91BC942}") = "11", "11\11.vcxproj", "{0CADE5A3-CCA3-4653-A910-CCC8C3E04826}"
EndProject
Project("{8BC9CEB8-8B4A-11D0-8D11-00A0C91BC942}") = "12", "12\12.vcxproj", "{4023D2C9-D428-4A11-AD68-7C28E070DDD9}"
EndProject
Project("{8BC9CEB8-8B4A-11D0-8D11-00A0C91BC942}") = "13", "13\13.vcxproj", "{9AC490EF-A1DE-4EFB-BF58-8D44F04BC481}"
EndProject
Project("{8BC9CEB8-8B4A-11D0-8D11-00A0C91BC942}") = "14", "14\14.vcxproj", "{DF8BE5BD-1FC0-47B4-B59F-BD6F4E4B78CE}"
EndProject
Project("{8BC9CEB8-8B4A-11D0-8D11-00A0C91BC942}") = "15", "15\15.vcxproj", "{915B3B64-3F46-45CF-B52C-678C37BC87D4}"
EndProject
Project("{8BC9CEB8-8B4A-11D0-8D11-00A0C91BC942}") = "16", "16\16.vcxproj", "{CCD685D4-B817-434C-B996-E66DBAEAB120}"
EndProject
Project("{8BC9CEB8-8B4A-11D0-8D11-00A0C91BC942}") = "17", "17\17.vcxproj", "{72EA894B-3DAE-40C9-B415-1E1B04A03BA5}"
EndProject
Project("{8BC9CEB8-8B4A-11D0-8D11-00A0C91BC942}") = "18", "18\18.vcxproj", "{44EEA97D-D79A-4F70-86C3-825491301010}"
EndProject
Project("{8BC9CEB8-8B4A-11D0-8D11-00A0C91BC942}") = "19", "19\19.vcxproj", "{A149780B-BEAF-4960-9678-824CEBA0A09C}"
EndProject
Project("{8BC9CEB8-8B4A-11D0-8D11-00A0C91BC942}") = "20", "20\20.vcxproj", "{29C802A5-9720-4DA8-A644-4D1001685733}"
EndProject
Project("{8BC9CEB8-8B4A-11D0-8D11-00A0C91BC942}") = "21", "21\21.vcxproj", "{1556A81F-116F-4CE6-B711-D8E2D512BF73}"
EndProject
Project("{8BC9CEB8-8B4A-11D0-8D11-00A0C91BC942}") = "drill4", "drill4\drill4.vcxproj", "{436544D0-960B-4968-BA16-E0CFB0C07860}"
EndProject
Project("{8BC9CEB8-8B4A-11D0-8D11-00A0C91BC942}") = "for", "for\for.vcxproj", "{32D15C95-182E-454F-BBF0-F3FD580166CA}"
EndProject
Project("{8BC9CEB8-8B4A-11D0-8D11-00A0C91BC942}") = "function", "function\function.vcxproj", "{18FEE103-57B8-4BDF-B39A-84BD983D3269}"
EndProject
Project("{8BC9CEB8-8B4A-11D0-8D11-00A0C91BC942}") = "ifelse", "ifelse\ifelse.vcxproj", "{32EAF07C-3361-434B-B7E9-84D32D42A762}"
EndProject
Project("{8BC9CEB8-8B4A-11D0-8D11-00A0C91BC942}") = "switch", "switch\switch.vcxproj", "{70A7D202-824B-47F2-B0D0-0A315EAFB120}"
EndProject
Project("{8BC9CEB8-8B4A-11D0-8D11-00A0C91BC942}") = "vectorstring", "vectorstring\vectorstring.vcxproj", "{0C6EE14B-5954-4068-99F9-F4D7A787BEBE}"
EndProject
Project("{8BC9CEB8-8B4A-11D0-8D11-00A0C91BC942}") = "while", "while\while.vcxproj", "{CF5A008E-6D60-4111-BB2D-230486FBBAF4}"
EndProject
Project("{8BC9CEB8-8B4A-11D0-8D11-00A0C91BC942}") = "exercises", "exercises\exercises.vcxproj", "{DC8512E1-049A-4922-9E51-44BB8C42EB3E}"
EndProject
Global
	GlobalSection(SolutionConfigurationPlatforms) = preSolution
		Debug|x64 = Debug|x64
		Debug|x86 = Debug|x86
		Release|x64 = Release|x64
		Release|x86 = Release|x86
	EndGlobalSection
	GlobalSection(ProjectConfigurationPlatforms) = postSolution
		{DA38B1FD-B977-4FCA-BCE2-61596742A29E}.Debug|x64.ActiveCfg = Debug|x64
		{DA38B1FD-B977-4FCA-BCE2-61596742A29E}.Debug|x64.Build.0 = Debug|x64
		{DA38B1FD-B977-4FCA-BCE2-61596742A29E}.Debug|x86.ActiveCfg = Debug|Win32
		{DA38B1FD-B977-4FCA-BCE2-61596742A29E}.Debug|x86.Build.0 = Debug|Win32
		{DA38B1FD-B977-4FCA-BCE2-61596742A29E}.Release|x64.ActiveCfg = Release|x64
		{DA38B1FD-B977-4FCA-BCE2-61596742A29E}.Release|x64.Build.0 = Release|x64
		{DA38B1FD-B977-4FCA-BCE2-61596742A29E}.Release|x86.ActiveCfg = Release|Win32
		{DA38B1FD-B977-4FCA-BCE2-61596742A29E}.Release|x86.Build.0 = Release|Win32
		{8918A2BC-224E-4CB8-B953-39AF103F3DD0}.Debug|x64.ActiveCfg = Debug|x64
		{8918A2BC-224E-4CB8-B953-39AF103F3DD0}.Debug|x64.Build.0 = Debug|x64
		{8918A2BC-224E-4CB8-B953-39AF103F3DD0}.Debug|x86.ActiveCfg = Debug|Win32
		{8918A2BC-224E-4CB8-B953-39AF103F3DD0}.Debug|x86.Build.0 = Debug|Win32
		{8918A2BC-224E-4CB8-B953-39AF103F3DD0}.Release|x64.ActiveCfg = Release|x64
		{8918A2BC-224E-4CB8-B953-39AF103F3DD0}.Release|x64.Build.0 = Release|x64
		{8918A2BC-224E-4CB8-B953-39AF103F3DD0}.Release|x86.ActiveCfg = Release|Win32
		{8918A2BC-224E-4CB8-B953-39AF103F3DD0}.Release|x86.Build.0 = Release|Win32
		{DE95FDEB-7CC1-4C69-9701-E0248AA6B974}.Debug|x64.ActiveCfg = Debug|x64
		{DE95FDEB-7CC1-4C69-9701-E0248AA6B974}.Debug|x64.Build.0 = Debug|x64
		{DE95FDEB-7CC1-4C69-9701-E0248AA6B974}.Debug|x86.ActiveCfg = Debug|Win32
		{DE95FDEB-7CC1-4C69-9701-E0248AA6B974}.Debug|x86.Build.0 = Debug|Win32
		{DE95FDEB-7CC1-4C69-9701-E0248AA6B974}.Release|x64.ActiveCfg = Release|x64
		{DE95FDEB-7CC1-4C69-9701-E0248AA6B974}.Release|x64.Build.0 = Release|x64
		{DE95FDEB-7CC1-4C69-9701-E0248AA6B974}.Release|x86.ActiveCfg = Release|Win32
		{DE95FDEB-7CC1-4C69-9701-E0248AA6B974}.Release|x86.Build.0 = Release|Win32
		{1C0C8898-73D1-4C5A-837B-B24CFA46B553}.Debug|x64.ActiveCfg = Debug|x64
		{1C0C8898-73D1-4C5A-837B-B24CFA46B553}.Debug|x64.Build.0 = Debug|x64
		{1C0C8898-73D1-4C5A-837B-B24CFA46B553}.Debug|x86.ActiveCfg = Debug|Win32
		{1C0C8898-73D1-4C5A-837B-B24CFA46B553}.Debug|x86.Build.0 = Debug|Win32
		{1C0C8898-73D1-4C5A-837B-B24CFA46B553}.Release|x64.ActiveCfg = Release|x64
		{1C0C8898-73D1-4C5A-837B-B24CFA46B553}.Release|x64.Build.0 = Release|x64
		{1C0C8898-73D1-4C5A-837B-B24CFA46B553}.Release|x86.ActiveCfg = Release|Win32
		{1C0C8898-73D1-4C5A-837B-B24CFA46B553}.Release|x86.Build.0 = Release|Win32
		{49EB8AA2-8164-4288-B9B4-2426A1CA777A}.Debug|x64.ActiveCfg = Debug|x64
		{49EB8AA2-8164-4288-B9B4-2426A1CA777A}.Debug|x64.Build.0 = Debug|x64
		{49EB8AA2-8164-4288-B9B4-2426A1CA777A}.Debug|x86.ActiveCfg = Debug|Win32
		{49EB8AA2-8164-4288-B9B4-2426A1CA777A}.Debug|x86.Build.0 = Debug|Win32
		{49EB8AA2-8164-4288-B9B4-2426A1CA777A}.Release|x64.ActiveCfg = Release|x64
		{49EB8AA2-8164-4288-B9B4-2426A1CA777A}.Release|x64.Build.0 = Release|x64
		{49EB8AA2-8164-4288-B9B4-2426A1CA777A}.Release|x86.ActiveCfg = Release|Win32
		{49EB8AA2-8164-4288-B9B4-2426A1CA777A}.Release|x86.Build.0 = Release|Win32
		{37C6669F-4FB8-498F-B3C1-2EA2E6E04E81}.Debug|x64.ActiveCfg = Debug|x64
		{37C6669F-4FB8-498F-B3C1-2EA2E6E04E81}.Debug|x64.Build.0 = Debug|x64
		{37C6669F-4FB8-498F-B3C1-2EA2E6E04E81}.Debug|x86.ActiveCfg = Debug|Win32
		{37C6669F-4FB8-498F-B3C1-2EA2E6E04E81}.Debug|x86.Build.0 = Debug|Win32
		{37C6669F-4FB8-498F-B3C1-2EA2E6E04E81}.Release|x64.ActiveCfg = Release|x64
		{37C6669F-4FB8-498F-B3C1-2EA2E6E04E81}.Release|x64.Build.0 = Release|x64
		{37C6669F-4FB8-498F-B3C1-2EA2E6E04E81}.Release|x86.ActiveCfg = Release|Win32
		{37C6669F-4FB8-498F-B3C1-2EA2E6E04E81}.Release|x86.Build.0 = Release|Win32
		{A57AC935-3CAC-432A-B592-8E37C61A5F96}.Debug|x64.ActiveCfg = Debug|x64
		{A57AC935-3CAC-432A-B592-8E37C61A5F96}.Debug|x64.Build.0 = Debug|x64
		{A57AC935-3CAC-432A-B592-8E37C61A5F96}.Debug|x86.ActiveCfg = Debug|Win32
		{A57AC935-3CAC-432A-B592-8E37C61A5F96}.Debug|x86.Build.0 = Debug|Win32
		{A57AC935-3CAC-432A-B592-8E37C61A5F96}.Release|x64.ActiveCfg = Release|x64
		{A57AC935-3CAC-432A-B592-8E37C61A5F96}.Release|x64.Build.0 = Release|x64
		{A57AC935-3CAC-432A-B592-8E37C61A5F96}.Release|x86.ActiveCfg = Release|Win32
		{A57AC935-3CAC-432A-B592-8E37C61A5F96}.Release|x86.Build.0 = Release|Win32
		{AA58848E-48B5-4292-9393-4E47E31CCFE5}.Debug|x64.ActiveCfg = Debug|x64
		{AA58848E-48B5-4292-9393-4E47E31CCFE5}.Debug|x64.Build.0 = Debug|x64
		{AA58848E-48B5-4292-9393-4E47E31CCFE5}.Debug|x86.ActiveCfg = Debug|Win32
		{AA58848E-48B5-4292-9393-4E47E31CCFE5}.Debug|x86.Build.0 = Debug|Win32
		{AA58848E-48B5-4292-9393-4E47E31CCFE5}.Release|x64.ActiveCfg = Release|x64
		{AA58848E-48B5-4292-9393-4E47E31CCFE5}.Release|x64.Build.0 = Release|x64
		{AA58848E-48B5-4292-9393-4E47E31CCFE5}.Release|x86.ActiveCfg = Release|Win32
		{AA58848E-48B5-4292-9393-4E47E31CCFE5}.Release|x86.Build.0 = Release|Win32
		{0CADE5A3-CCA3-4653-A910-CCC8C3E04826}.Debug|x64.ActiveCfg = Debug|x64
		{0CADE5A3-CCA3-4653-A910-CCC8C3E04826}.Debug|x64.Build.0 = Debug|x64
		{0CADE5A3-CCA3-4653-A910-CCC8C3E04826}.Debug|x86.ActiveCfg = Debug|Win32
		{0CADE5A3-CCA3-4653-A910-CCC8C3E04826}.Debug|x86.Build.0 = Debug|Win32
		{0CADE5A3-CCA3-4653-A910-CCC8C3E04826}.Release|x64.ActiveCfg = Release|x64
		{0CADE5A3-CCA3-4653-A910-CCC8C3E04826}.Release|x64.Build.0 = Release|x64
		{0CADE5A3-CCA3-4653-A910-CCC8C3E04826}.Release|x86.ActiveCfg = Release|Win32
		{0CADE5A3-CCA3-4653-A910-CCC8C3E04826}.Release|x86.Build.0 = Release|Win32
		{4023D2C9-D428-4A11-AD68-7C28E070DDD9}.Debug|x64.ActiveCfg = Debug|x64
		{4023D2C9-D428-4A11-AD68-7C28E070DDD9}.Debug|x64.Build.0 = Debug|x64
		{4023D2C9-D428-4A11-AD68-7C28E070DDD9}.Debug|x86.ActiveCfg = Debug|Win32
		{4023D2C9-D428-4A11-AD68-7C28E070DDD9}.Debug|x86.Build.0 = Debug|Win32
		{4023D2C9-D428-4A11-AD68-7C28E070DDD9}.Release|x64.ActiveCfg = Release|x64
		{4023D2C9-D428-4A11-AD68-7C28E070DDD9}.Release|x64.Build.0 = Release|x64
		{4023D2C9-D428-4A11-AD68-7C28E070DDD9}.Release|x86.ActiveCfg = Release|Win32
		{4023D2C9-D428-4A11-AD68-7C28E070DDD9}.Release|x86.Build.0 = Release|Win32
		{9AC490EF-A1DE-4EFB-BF58-8D44F04BC481}.Debug|x64.ActiveCfg = Debug|x64
		{9AC490EF-A1DE-4EFB-BF58-8D44F04BC481}.Debug|x64.Build.0 = Debug|x64
		{9AC490EF-A1DE-4EFB-BF58-8D44F04BC481}.Debug|x86.ActiveCfg = Debug|Win32
		{9AC490EF-A1DE-4EFB-BF58-8D44F04BC481}.Debug|x86.Build.0 = Debug|Win32
		{9AC490EF-A1DE-4EFB-BF58-8D44F04BC481}.Release|x64.ActiveCfg = Release|x64
		{9AC490EF-A1DE-4EFB-BF58-8D44F04BC481}.Release|x64.Build.0 = Release|x64
		{9AC490EF-A1DE-4EFB-BF58-8D44F04BC481}.Release|x86.ActiveCfg = Release|Win32
		{9AC490EF-A1DE-4EFB-BF58-8D44F04BC481}.Release|x86.Build.0 = Release|Win32
		{DF8BE5BD-1FC0-47B4-B59F-BD6F4E4B78CE}.Debug|x64.ActiveCfg = Debug|x64
		{DF8BE5BD-1FC0-47B4-B59F-BD6F4E4B78CE}.Debug|x64.Build.0 = Debug|x64
		{DF8BE5BD-1FC0-47B4-B59F-BD6F4E4B78CE}.Debug|x86.ActiveCfg = Debug|Win32
		{DF8BE5BD-1FC0-47B4-B59F-BD6F4E4B78CE}.Debug|x86.Build.0 = Debug|Win32
		{DF8BE5BD-1FC0-47B4-B59F-BD6F4E4B78CE}.Release|x64.ActiveCfg = Release|x64
		{DF8BE5BD-1FC0-47B4-B59F-BD6F4E4B78CE}.Release|x64.Build.0 = Release|x64
		{DF8BE5BD-1FC0-47B4-B59F-BD6F4E4B78CE}.Release|x86.ActiveCfg = Release|Win32
		{DF8BE5BD-1FC0-47B4-B59F-BD6F4E4B78CE}.Release|x86.Build.0 = Release|Win32
		{915B3B64-3F46-45CF-B52C-678C37BC87D4}.Debug|x64.ActiveCfg = Debug|x64
		{915B3B64-3F46-45CF-B52C-678C37BC87D4}.Debug|x64.Build.0 = Debug|x64
		{915B3B64-3F46-45CF-B52C-678C37BC87D4}.Debug|x86.ActiveCfg = Debug|Win32
		{915B3B64-3F46-45CF-B52C-678C37BC87D4}.Debug|x86.Build.0 = Debug|Win32
		{915B3B64-3F46-45CF-B52C-678C37BC87D4}.Release|x64.ActiveCfg = Release|x64
		{915B3B64-3F46-45CF-B52C-678C37BC87D4}.Release|x64.Build.0 = Release|x64
		{915B3B64-3F46-45CF-B52C-678C37BC87D4}.Release|x86.ActiveCfg = Release|Win32
		{915B3B64-3F46-45CF-B52C-678C37BC87D4}.Release|x86.Build.0 = Release|Win32
		{CCD685D4-B817-434C-B996-E66DBAEAB120}.Debug|x64.ActiveCfg = Debug|x64
		{CCD685D4-B817-434C-B996-E66DBAEAB120}.Debug|x64.Build.0 = Debug|x64
		{CCD685D4-B817-434C-B996-E66DBAEAB120}.Debug|x86.ActiveCfg = Debug|Win32
		{CCD685D4-B817-434C-B996-E66DBAEAB120}.Debug|x86.Build.0 = Debug|Win32
		{CCD685D4-B817-434C-B996-E66DBAEAB120}.Release|x64.ActiveCfg = Release|x64
		{CCD685D4-B817-434C-B996-E66DBAEAB120}.Release|x64.Build.0 = Release|x64
		{CCD685D4-B817-434C-B996-E66DBAEAB120}.Release|x86.ActiveCfg = Release|Win32
		{CCD685D4-B817-434C-B996-E66DBAEAB120}.Release|x86.Build.0 = Release|Win32
		{72EA894B-3DAE-40C9-B415-1E1B04A03BA5}.Debug|x64.ActiveCfg = Debug|x64
		{72EA894B-3DAE-40C9-B415-1E1B04A03BA5}.Debug|x64.Build.0 = Debug|x64
		{72EA894B-3DAE-40C9-B415-1E1B04A03BA5}.Debug|x86.ActiveCfg = Debug|Win32
		{72EA894B-3DAE-40C9-B415-1E1B04A03BA5}.Debug|x86.Build.0 = Debug|Win32
		{72EA894B-3DAE-40C9-B415-1E1B04A03BA5}.Release|x64.ActiveCfg = Release|x64
		{72EA894B-3DAE-40C9-B415-1E1B04A03BA5}.Release|x64.Build.0 = Release|x64
		{72EA894B-3DAE-40C9-B415-1E1B04A03BA5}.Release|x86.ActiveCfg = Release|Win32
		{72EA894B-3DAE-40C9-B415-1E1B04A03BA5}.Release|x86.Build.0 = Release|Win32
		{44EEA97D-D79A-4F70-86C3-825491301010}.Debug|x64.ActiveCfg = Debug|x64
		{44EEA97D-D79A-4F70-86C3-825491301010}.Debug|x64.Build.0 = Debug|x64
		{44EEA97D-D79A-4F70-86C3-825491301010}.Debug|x86.ActiveCfg = Debug|Win32
		{44EEA97D-D79A-4F70-86C3-825491301010}.Debug|x86.Build.0 = Debug|Win32
		{44EEA97D-D79A-4F70-86C3-825491301010}.Release|x64.ActiveCfg = Release|x64
		{44EEA97D-D79A-4F70-86C3-825491301010}.Release|x64.Build.0 = Release|x64
		{44EEA97D-D79A-4F70-86C3-825491301010}.Release|x86.ActiveCfg = Release|Win32
		{44EEA97D-D79A-4F70-86C3-825491301010}.Release|x86.Build.0 = Release|Win32
		{A149780B-BEAF-4960-9678-824CEBA0A09C}.Debug|x64.ActiveCfg = Debug|x64
		{A149780B-BEAF-4960-9678-824CEBA0A09C}.Debug|x64.Build.0 = Debug|x64
		{A149780B-BEAF-4960-9678-824CEBA0A09C}.Debug|x86.ActiveCfg = Debug|Win32
		{A149780B-BEAF-4960-9678-824CEBA0A09C}.Debug|x86.Build.0 = Debug|Win32
		{A149780B-BEAF-4960-9678-824CEBA0A09C}.Release|x64.ActiveCfg = Release|x64
		{A149780B-BEAF-4960-9678-824CEBA0A09C}.Release|x64.Build.0 = Release|x64
		{A149780B-BEAF-4960-9678-824CEBA0A09C}.Release|x86.ActiveCfg = Release|Win32
		{A149780B-BEAF-4960-9678-824CEBA0A09C}.Release|x86.Build.0 = Release|Win32
		{29C802A5-9720-4DA8-A644-4D1001685733}.Debug|x64.ActiveCfg = Debug|x64
		{29C802A5-9720-4DA8-A644-4D1001685733}.Debug|x64.Build.0 = Debug|x64
		{29C802A5-9720-4DA8-A644-4D1001685733}.Debug|x86.ActiveCfg = Debug|Win32
		{29C802A5-9720-4DA8-A644-4D1001685733}.Debug|x86.Build.0 = Debug|Win32
		{29C802A5-9720-4DA8-A644-4D1001685733}.Release|x64.ActiveCfg = Release|x64
		{29C802A5-9720-4DA8-A644-4D1001685733}.Release|x64.Build.0 = Release|x64
		{29C802A5-9720-4DA8-A644-4D1001685733}.Release|x86.ActiveCfg = Release|Win32
		{29C802A5-9720-4DA8-A644-4D1001685733}.Release|x86.Build.0 = Release|Win32
		{1556A81F-116F-4CE6-B711-D8E2D512BF73}.Debug|x64.ActiveCfg = Debug|x64
		{1556A81F-116F-4CE6-B711-D8E2D512BF73}.Debug|x64.Build.0 = Debug|x64
		{1556A81F-116F-4CE6-B711-D8E2D512BF73}.Debug|x86.ActiveCfg = Debug|Win32
		{1556A81F-116F-4CE6-B711-D8E2D512BF73}.Debug|x86.Build.0 = Debug|Win32
		{1556A81F-116F-4CE6-B711-D8E2D512BF73}.Release|x64.ActiveCfg = Release|x64
		{1556A81F-116F-4CE6-B711-D8E2D512BF73}.Release|x64.Build.0 = Release|x64
		{1556A81F-116F-4CE6-B711-D8E2D512BF73}.Release|x86.ActiveCfg = Release|Win32
		{1556A81F-116F-4CE6-B711-D8E2D512BF73}.Release|x86.Build.0 = Release|Win32
		{436544D0-960B-4968-BA16-E0CFB0C07860}.Debug|x64.ActiveCfg = Debug|x64
		{436544D0-960B-4968-BA16-E0CFB0C07860}.Debug|x64.Build.0 = Debug|x64
		{436544D0-960B-4968-BA16-E0CFB0C07860}.Debug|x86.ActiveCfg = Debug|Win32
		{436544D0-960B-4968-BA16-E0CFB0C07860}.Debug|x86.Build.0 = Debug|Win32
		{436544D0-960B-4968-BA16-E0CFB0C07860}.Release|x64.ActiveCfg = Release|x64
		{436544D0-960B-4968-BA16-E0CFB0C07860}.Release|x64.Build.0 = Release|x64
		{436544D0-960B-4968-BA16-E0CFB0C07860}.Release|x86.ActiveCfg = Release|Win32
		{436544D0-960B-4968-BA16-E0CFB0C07860}.Release|x86.Build.0 = Release|Win32
		{32D15C95-182E-454F-BBF0-F3FD580166CA}.Debug|x64.ActiveCfg = Debug|x64
		{32D15C95-182E-454F-BBF0-F3FD580166CA}.Debug|x64.Build.0 = Debug|x64
		{32D15C95-182E-454F-BBF0-F3FD580166CA}.Debug|x86.ActiveCfg = Debug|Win32
		{32D15C95-182E-454F-BBF0-F3FD580166CA}.Debug|x86.Build.0 = Debug|Win32
		{32D15C95-182E-454F-BBF0-F3FD580166CA}.Release|x64.ActiveCfg = Release|x64
		{32D15C95-182E-454F-BBF0-F3FD580166CA}.Release|x64.Build.0 = Release|x64
		{32D15C95-182E-454F-BBF0-F3FD580166CA}.Release|x86.ActiveCfg = Release|Win32
		{32D15C95-182E-454F-BBF0-F3FD580166CA}.Release|x86.Build.0 = Release|Win32
		{18FEE103-57B8-4BDF-B39A-84BD983D3269}.Debug|x64.ActiveCfg = Debug|x64
		{18FEE103-57B8-4BDF-B39A-84BD983D3269}.Debug|x64.Build.0 = Debug|x64
		{18FEE103-57B8-4BDF-B39A-84BD983D3269}.Debug|x86.ActiveCfg = Debug|Win32
		{18FEE103-57B8-4BDF-B39A-84BD983D3269}.Debug|x86.Build.0 = Debug|Win32
		{18FEE103-57B8-4BDF-B39A-84BD983D3269}.Release|x64.ActiveCfg = Release|x64
		{18FEE103-57B8-4BDF-B39A-84BD983D3269}.Release|x64.Build.0 = Release|x64
		{18FEE103-57B8-4BDF-B39A-84BD983D3269}.Release|x86.ActiveCfg = Release|Win32
		{18FEE103-57B8-4BDF-B39A-84BD983D3269}.Release|x86.Build.0 = Release|Win32
		{32EAF07C-3361-434B-B7E9-84D32D42A762}.Debug|x64.ActiveCfg = Debug|x64
		{32EAF07C-3361-434B-B7E9-84D32D42A762}.Debug|x64.Build.0 = Debug|x64
		{32EAF07C-3361-434B-B7E9-84D32D42A762}.Debug|x86.ActiveCfg = Debug|Win32
		{32EAF07C-3361-434B-B7E9-84D32D42A762}.Debug|x86.Build.0 = Debug|Win32
		{32EAF07C-3361-434B-B7E9-84D32D42A762}.Release|x64.ActiveCfg = Release|x64
		{32EAF07C-3361-434B-B7E9-84D32D42A762}.Release|x64.Build.0 = Release|x64
		{32EAF07C-3361-434B-B7E9-84D32D42A762}.Release|x86.ActiveCfg = Release|Win32
		{32EAF07C-3361-434B-B7E9-84D32D42A762}.Release|x86.Build.0 = Release|Win32
		{70A7D202-824B-47F2-B0D0-0A315EAFB120}.Debug|x64.ActiveCfg = Debug|x64
		{70A7D202-824B-47F2-B0D0-0A315EAFB120}.Debug|x64.Build.0 = Debug|x64
		{70A7D202-824B-47F2-B0D0-0A315EAFB120}.Debug|x86.ActiveCfg = Debug|Win32
		{70A7D202-824B-47F2-B0D0-0A315EAFB120}.Debug|x86.Build.0 = Debug|Win32
		{70A7D202-824B-47F2-B0D0-0A315EAFB120}.Release|x64.ActiveCfg = Release|x64
		{70A7D202-824B-47F2-B0D0-0A315EAFB120}.Release|x64.Build.0 = Release|x64
		{70A7D202-824B-47F2-B0D0-0A315EAFB120}.Release|x86.ActiveCfg = Release|Win32
		{70A7D202-824B-47F2-B0D0-0A315EAFB120}.Release|x86.Build.0 = Release|Win32
		{0C6EE14B-5954-4068-99F9-F4D7A787BEBE}.Debug|x64.ActiveCfg = Debug|x64
		{0C6EE14B-5954-4068-99F9-F4D7A787BEBE}.Debug|x64.Build.0 = Debug|x64
		{0C6EE14B-5954-4068-99F9-F4D7A787BEBE}.Debug|x86.ActiveCfg = Debug|Win32
		{0C6EE14B-5954-4068-99F9-F4D7A787BEBE}.Debug|x86.Build.0 = Debug|Win32
		{0C6EE14B-5954-4068-99F9-F4D7A787BEBE}.Release|x64.ActiveCfg = Release|x64
		{0C6EE14B-5954-4068-99F9-F4D7A787BEBE}.Release|x64.Build.0 = Release|x64
		{0C6EE14B-5954-4068-99F9-F4D7A787BEBE}.Release|x86.ActiveCfg = Release|Win32
		{0C6EE14B-5954-4068-99F9-F4D7A787BEBE}.Release|x86.Build.0 = Release|Win32
		{CF5A008E-6D60-4111-BB2D-230486FBBAF4}.Debug|x64.ActiveCfg = Debug|x64
		{CF5A008E-6D60-4111-BB2D-230486FBBAF4}.Debug|x64.Build.0 = Debug|x64
		{CF5A008E-6D60-4111-BB2D-230486FBBAF4}.Debug|x86.ActiveCfg = Debug|Win32
		{CF5A008E-6D60-4111-BB2D-230486FBBAF4}.Debug|x86.Build.0 = Debug|Win32
		{CF5A008E-6D60-4111-BB2D-230486FBBAF4}.Release|x64.ActiveCfg = Release|x64
		{CF5A008E-6D60-4111-BB2D-230486FBBAF4}.Release|x64.Build.0 = Release|x64
		{CF5A008E-6D60-4111-BB2D-230486FBBAF4}.Release|x86.ActiveCfg = Release|Win32
		{CF5A008E-6D60-4111-BB2D-230486FBBAF4}.Release|x86.Build.0 = Release|Win32
		{DC8512E1-049A-4922-9E51-44BB8C42EB3E}.Debug|x64.ActiveCfg = Debug|x64
		{DC8512E1-049A-4922-9E51-44BB8C42EB3E}.Debug|x64.Build.0 = Debug|x64
		{DC8512E1-049A-4922-9E51-44BB8C42EB3E}.Debug|x86.ActiveCfg = Debug|Win32
		{DC8512E1-049A-4922-9E51-44BB8C42EB3E}.Debug|x86.Build.0 = Debug|Win32
		{DC8512E1-049A-4922-9E51-44BB8C42EB3E}.Release|x64.ActiveCfg = Release|x64
		{DC8512E1-049A-4922-9E51-44BB8C42EB3E}.Release|x64.Build.0 = Release|x64
		{DC8512E1-049A-4922-9E51-44BB8C42EB3E}.Release|x86.ActiveCfg = Release|Win32
		{DC8512E1-049A-4922-9E51-44BB8C42EB3E}.Release|x86.Build.0 = Release|Win32
	EndGlobalSection
	GlobalSection(SolutionProperties) = preSolution
		HideSolutionNode = FALSE
	EndGlobalSection
	GlobalSection(ExtensibilityGlobals) = postSolution
		SolutionGuid = {22D2A3FD-C940-42F1-8253-82CDD592A77F}
	EndGlobalSection
EndGlobal
