
Microsoft Visual Studio Solution File, Format Version 12.00
# Visual Studio 15
VisualStudioVersion = 15.0.28307.1705
MinimumVisualStudioVersion = 10.0.40219.1
Project("{8BC9CEB8-8B4A-11D0-8D11-00A0C91BC942}") = "08Drill", "08Drill.vcxproj", "{01103E35-F901-4541-BE09-C1F0345CA685}"
EndProject
Global
	GlobalSection(SolutionConfigurationPlatforms) = preSolution
		Debug|x64 = Debug|x64
		Debug|x86 = Debug|x86
		Release|x64 = Release|x64
		Release|x86 = Release|x86
	EndGlobalSection
	GlobalSection(ProjectConfigurationPlatforms) = postSolution
		{01103E35-F901-4541-BE09-C1F0345CA685}.Debug|x64.ActiveCfg = Debug|x64
		{01103E35-F901-4541-BE09-C1F0345CA685}.Debug|x64.Build.0 = Debug|x64
		{01103E35-F901-4541-BE09-C1F0345CA685}.Debug|x86.ActiveCfg = Debug|Win32
		{01103E35-F901-4541-BE09-C1F0345CA685}.Debug|x86.Build.0 = Debug|Win32
		{01103E35-F901-4541-BE09-C1F0345CA685}.Release|x64.ActiveCfg = Release|x64
		{01103E35-F901-4541-BE09-C1F0345CA685}.Release|x64.Build.0 = Release|x64
		{01103E35-F901-4541-BE09-C1F0345CA685}.Release|x86.ActiveCfg = Release|Win32
		{01103E35-F901-4541-BE09-C1F0345CA685}.Release|x86.Build.0 = Release|Win32
	EndGlobalSection
	GlobalSection(SolutionProperties) = preSolution
		HideSolutionNode = FALSE
	EndGlobalSection
	GlobalSection(ExtensibilityGlobals) = postSolution
		SolutionGuid = {B4B53EAB-9527-47A9-8280-DDDD606EDC62}
	EndGlobalSection
EndGlobal
