
Microsoft Visual Studio Solution File, Format Version 12.00
# Visual Studio Version 17
VisualStudioVersion = 17.3.32922.545
MinimumVisualStudioVersion = 10.0.40219.1
Project("{8BC9CEB8-8B4A-11D0-8D11-00A0C91BC942}") = "02", "02\02.vcxproj", "{EC943C61-63C2-436F-8166-EF5F5A925433}"
EndProject
Project("{8BC9CEB8-8B4A-11D0-8D11-00A0C91BC942}") = "03", "03\03.vcxproj", "{565CA463-E4F5-4AE3-9C29-BB3AA8947D01}"
EndProject
Project("{8BC9CEB8-8B4A-11D0-8D11-00A0C91BC942}") = "04", "04\04.vcxproj", "{315B99AD-08B8-4E6D-A07A-00B82200BB8B}"
EndProject
Project("{8BC9CEB8-8B4A-11D0-8D11-00A0C91BC942}") = "05", "05\05.vcxproj", "{96264BF0-CED1-4CA2-B24A-423ACCDCAED4}"
EndProject
Project("{8BC9CEB8-8B4A-11D0-8D11-00A0C91BC942}") = "06", "06\06.vcxproj", "{A16A98AD-BC7E-47FE-9E0B-99F0C164F3E0}"
EndProject
Project("{8BC9CEB8-8B4A-11D0-8D11-00A0C91BC942}") = "07", "07\07.vcxproj", "{4E70AE32-6D89-4969-99EE-C2B86B96EEEB}"
EndProject
Project("{8BC9CEB8-8B4A-11D0-8D11-00A0C91BC942}") = "08", "08\08.vcxproj", "{0895AF47-8720-43BC-86C9-F0FB727C1B4D}"
EndProject
Project("{8BC9CEB8-8B4A-11D0-8D11-00A0C91BC942}") = "10", "10\10.vcxproj", "{99427181-BBC2-4459-9581-3FCE88455B8A}"
EndProject
Project("{8BC9CEB8-8B4A-11D0-8D11-00A0C91BC942}") = "11", "11\11.vcxproj", "{25177BD6-A103-4739-8693-FF99B4FACF85}"
EndProject
Project("{8BC9CEB8-8B4A-11D0-8D11-00A0C91BC942}") = "12", "12\12.vcxproj", "{DE8CF718-B77B-4690-85F6-F37910A604CF}"
EndProject
Project("{8BC9CEB8-8B4A-11D0-8D11-00A0C91BC942}") = "13", "13\13.vcxproj", "{06F7E059-8F46-4B69-8EB4-2812BBFF43D2}"
EndProject
Project("{8BC9CEB8-8B4A-11D0-8D11-00A0C91BC942}") = "14", "14\14.vcxproj", "{7A88D58B-3856-49D7-8125-B5DEFFDD8F93}"
EndProject
Project("{8BC9CEB8-8B4A-11D0-8D11-00A0C91BC942}") = "drill", "drill\drill.vcxproj", "{7A97D781-AE10-44DD-8194-7E6B499871DD}"
EndProject
Project("{8BC9CEB8-8B4A-11D0-8D11-00A0C91BC942}") = "trythis", "trythis\trythis.vcxproj", "{5C611A05-97BC-4F90-80AB-E63CE79EDB02}"
EndProject
Global
	GlobalSection(SolutionConfigurationPlatforms) = preSolution
		Debug|x64 = Debug|x64
		Debug|x86 = Debug|x86
		Release|x64 = Release|x64
		Release|x86 = Release|x86
	EndGlobalSection
	GlobalSection(ProjectConfigurationPlatforms) = postSolution
		{EC943C61-63C2-436F-8166-EF5F5A925433}.Debug|x64.ActiveCfg = Debug|x64
		{EC943C61-63C2-436F-8166-EF5F5A925433}.Debug|x64.Build.0 = Debug|x64
		{EC943C61-63C2-436F-8166-EF5F5A925433}.Debug|x86.ActiveCfg = Debug|Win32
		{EC943C61-63C2-436F-8166-EF5F5A925433}.Debug|x86.Build.0 = Debug|Win32
		{EC943C61-63C2-436F-8166-EF5F5A925433}.Release|x64.ActiveCfg = Release|x64
		{EC943C61-63C2-436F-8166-EF5F5A925433}.Release|x64.Build.0 = Release|x64
		{EC943C61-63C2-436F-8166-EF5F5A925433}.Release|x86.ActiveCfg = Release|Win32
		{EC943C61-63C2-436F-8166-EF5F5A925433}.Release|x86.Build.0 = Release|Win32
		{565CA463-E4F5-4AE3-9C29-BB3AA8947D01}.Debug|x64.ActiveCfg = Debug|x64
		{565CA463-E4F5-4AE3-9C29-BB3AA8947D01}.Debug|x64.Build.0 = Debug|x64
		{565CA463-E4F5-4AE3-9C29-BB3AA8947D01}.Debug|x86.ActiveCfg = Debug|Win32
		{565CA463-E4F5-4AE3-9C29-BB3AA8947D01}.Debug|x86.Build.0 = Debug|Win32
		{565CA463-E4F5-4AE3-9C29-BB3AA8947D01}.Release|x64.ActiveCfg = Release|x64
		{565CA463-E4F5-4AE3-9C29-BB3AA8947D01}.Release|x64.Build.0 = Release|x64
		{565CA463-E4F5-4AE3-9C29-BB3AA8947D01}.Release|x86.ActiveCfg = Release|Win32
		{565CA463-E4F5-4AE3-9C29-BB3AA8947D01}.Release|x86.Build.0 = Release|Win32
		{315B99AD-08B8-4E6D-A07A-00B82200BB8B}.Debug|x64.ActiveCfg = Debug|x64
		{315B99AD-08B8-4E6D-A07A-00B82200BB8B}.Debug|x64.Build.0 = Debug|x64
		{315B99AD-08B8-4E6D-A07A-00B82200BB8B}.Debug|x86.ActiveCfg = Debug|Win32
		{315B99AD-08B8-4E6D-A07A-00B82200BB8B}.Debug|x86.Build.0 = Debug|Win32
		{315B99AD-08B8-4E6D-A07A-00B82200BB8B}.Release|x64.ActiveCfg = Release|x64
		{315B99AD-08B8-4E6D-A07A-00B82200BB8B}.Release|x64.Build.0 = Release|x64
		{315B99AD-08B8-4E6D-A07A-00B82200BB8B}.Release|x86.ActiveCfg = Release|Win32
		{315B99AD-08B8-4E6D-A07A-00B82200BB8B}.Release|x86.Build.0 = Release|Win32
		{96264BF0-CED1-4CA2-B24A-423ACCDCAED4}.Debug|x64.ActiveCfg = Debug|x64
		{96264BF0-CED1-4CA2-B24A-423ACCDCAED4}.Debug|x64.Build.0 = Debug|x64
		{96264BF0-CED1-4CA2-B24A-423ACCDCAED4}.Debug|x86.ActiveCfg = Debug|Win32
		{96264BF0-CED1-4CA2-B24A-423ACCDCAED4}.Debug|x86.Build.0 = Debug|Win32
		{96264BF0-CED1-4CA2-B24A-423ACCDCAED4}.Release|x64.ActiveCfg = Release|x64
		{96264BF0-CED1-4CA2-B24A-423ACCDCAED4}.Release|x64.Build.0 = Release|x64
		{96264BF0-CED1-4CA2-B24A-423ACCDCAED4}.Release|x86.ActiveCfg = Release|Win32
		{96264BF0-CED1-4CA2-B24A-423ACCDCAED4}.Release|x86.Build.0 = Release|Win32
		{A16A98AD-BC7E-47FE-9E0B-99F0C164F3E0}.Debug|x64.ActiveCfg = Debug|x64
		{A16A98AD-BC7E-47FE-9E0B-99F0C164F3E0}.Debug|x64.Build.0 = Debug|x64
		{A16A98AD-BC7E-47FE-9E0B-99F0C164F3E0}.Debug|x86.ActiveCfg = Debug|Win32
		{A16A98AD-BC7E-47FE-9E0B-99F0C164F3E0}.Debug|x86.Build.0 = Debug|Win32
		{A16A98AD-BC7E-47FE-9E0B-99F0C164F3E0}.Release|x64.ActiveCfg = Release|x64
		{A16A98AD-BC7E-47FE-9E0B-99F0C164F3E0}.Release|x64.Build.0 = Release|x64
		{A16A98AD-BC7E-47FE-9E0B-99F0C164F3E0}.Release|x86.ActiveCfg = Release|Win32
		{A16A98AD-BC7E-47FE-9E0B-99F0C164F3E0}.Release|x86.Build.0 = Release|Win32
		{4E70AE32-6D89-4969-99EE-C2B86B96EEEB}.Debug|x64.ActiveCfg = Debug|x64
		{4E70AE32-6D89-4969-99EE-C2B86B96EEEB}.Debug|x64.Build.0 = Debug|x64
		{4E70AE32-6D89-4969-99EE-C2B86B96EEEB}.Debug|x86.ActiveCfg = Debug|Win32
		{4E70AE32-6D89-4969-99EE-C2B86B96EEEB}.Debug|x86.Build.0 = Debug|Win32
		{4E70AE32-6D89-4969-99EE-C2B86B96EEEB}.Release|x64.ActiveCfg = Release|x64
		{4E70AE32-6D89-4969-99EE-C2B86B96EEEB}.Release|x64.Build.0 = Release|x64
		{4E70AE32-6D89-4969-99EE-C2B86B96EEEB}.Release|x86.ActiveCfg = Release|Win32
		{4E70AE32-6D89-4969-99EE-C2B86B96EEEB}.Release|x86.Build.0 = Release|Win32
		{0895AF47-8720-43BC-86C9-F0FB727C1B4D}.Debug|x64.ActiveCfg = Debug|x64
		{0895AF47-8720-43BC-86C9-F0FB727C1B4D}.Debug|x64.Build.0 = Debug|x64
		{0895AF47-8720-43BC-86C9-F0FB727C1B4D}.Debug|x86.ActiveCfg = Debug|Win32
		{0895AF47-8720-43BC-86C9-F0FB727C1B4D}.Debug|x86.Build.0 = Debug|Win32
		{0895AF47-8720-43BC-86C9-F0FB727C1B4D}.Release|x64.ActiveCfg = Release|x64
		{0895AF47-8720-43BC-86C9-F0FB727C1B4D}.Release|x64.Build.0 = Release|x64
		{0895AF47-8720-43BC-86C9-F0FB727C1B4D}.Release|x86.ActiveCfg = Release|Win32
		{0895AF47-8720-43BC-86C9-F0FB727C1B4D}.Release|x86.Build.0 = Release|Win32
		{99427181-BBC2-4459-9581-3FCE88455B8A}.Debug|x64.ActiveCfg = Debug|x64
		{99427181-BBC2-4459-9581-3FCE88455B8A}.Debug|x64.Build.0 = Debug|x64
		{99427181-BBC2-4459-9581-3FCE88455B8A}.Debug|x86.ActiveCfg = Debug|Win32
		{99427181-BBC2-4459-9581-3FCE88455B8A}.Debug|x86.Build.0 = Debug|Win32
		{99427181-BBC2-4459-9581-3FCE88455B8A}.Release|x64.ActiveCfg = Release|x64
		{99427181-BBC2-4459-9581-3FCE88455B8A}.Release|x64.Build.0 = Release|x64
		{99427181-BBC2-4459-9581-3FCE88455B8A}.Release|x86.ActiveCfg = Release|Win32
		{99427181-BBC2-4459-9581-3FCE88455B8A}.Release|x86.Build.0 = Release|Win32
		{25177BD6-A103-4739-8693-FF99B4FACF85}.Debug|x64.ActiveCfg = Debug|x64
		{25177BD6-A103-4739-8693-FF99B4FACF85}.Debug|x64.Build.0 = Debug|x64
		{25177BD6-A103-4739-8693-FF99B4FACF85}.Debug|x86.ActiveCfg = Debug|Win32
		{25177BD6-A103-4739-8693-FF99B4FACF85}.Debug|x86.Build.0 = Debug|Win32
		{25177BD6-A103-4739-8693-FF99B4FACF85}.Release|x64.ActiveCfg = Release|x64
		{25177BD6-A103-4739-8693-FF99B4FACF85}.Release|x64.Build.0 = Release|x64
		{25177BD6-A103-4739-8693-FF99B4FACF85}.Release|x86.ActiveCfg = Release|Win32
		{25177BD6-A103-4739-8693-FF99B4FACF85}.Release|x86.Build.0 = Release|Win32
		{DE8CF718-B77B-4690-85F6-F37910A604CF}.Debug|x64.ActiveCfg = Debug|x64
		{DE8CF718-B77B-4690-85F6-F37910A604CF}.Debug|x64.Build.0 = Debug|x64
		{DE8CF718-B77B-4690-85F6-F37910A604CF}.Debug|x86.ActiveCfg = Debug|Win32
		{DE8CF718-B77B-4690-85F6-F37910A604CF}.Debug|x86.Build.0 = Debug|Win32
		{DE8CF718-B77B-4690-85F6-F37910A604CF}.Release|x64.ActiveCfg = Release|x64
		{DE8CF718-B77B-4690-85F6-F37910A604CF}.Release|x64.Build.0 = Release|x64
		{DE8CF718-B77B-4690-85F6-F37910A604CF}.Release|x86.ActiveCfg = Release|Win32
		{DE8CF718-B77B-4690-85F6-F37910A604CF}.Release|x86.Build.0 = Release|Win32
		{06F7E059-8F46-4B69-8EB4-2812BBFF43D2}.Debug|x64.ActiveCfg = Debug|x64
		{06F7E059-8F46-4B69-8EB4-2812BBFF43D2}.Debug|x64.Build.0 = Debug|x64
		{06F7E059-8F46-4B69-8EB4-2812BBFF43D2}.Debug|x86.ActiveCfg = Debug|Win32
		{06F7E059-8F46-4B69-8EB4-2812BBFF43D2}.Debug|x86.Build.0 = Debug|Win32
		{06F7E059-8F46-4B69-8EB4-2812BBFF43D2}.Release|x64.ActiveCfg = Release|x64
		{06F7E059-8F46-4B69-8EB4-2812BBFF43D2}.Release|x64.Build.0 = Release|x64
		{06F7E059-8F46-4B69-8EB4-2812BBFF43D2}.Release|x86.ActiveCfg = Release|Win32
		{06F7E059-8F46-4B69-8EB4-2812BBFF43D2}.Release|x86.Build.0 = Release|Win32
		{7A88D58B-3856-49D7-8125-B5DEFFDD8F93}.Debug|x64.ActiveCfg = Debug|x64
		{7A88D58B-3856-49D7-8125-B5DEFFDD8F93}.Debug|x64.Build.0 = Debug|x64
		{7A88D58B-3856-49D7-8125-B5DEFFDD8F93}.Debug|x86.ActiveCfg = Debug|Win32
		{7A88D58B-3856-49D7-8125-B5DEFFDD8F93}.Debug|x86.Build.0 = Debug|Win32
		{7A88D58B-3856-49D7-8125-B5DEFFDD8F93}.Release|x64.ActiveCfg = Release|x64
		{7A88D58B-3856-49D7-8125-B5DEFFDD8F93}.Release|x64.Build.0 = Release|x64
		{7A88D58B-3856-49D7-8125-B5DEFFDD8F93}.Release|x86.ActiveCfg = Release|Win32
		{7A88D58B-3856-49D7-8125-B5DEFFDD8F93}.Release|x86.Build.0 = Release|Win32
		{7A97D781-AE10-44DD-8194-7E6B499871DD}.Debug|x64.ActiveCfg = Debug|x64
		{7A97D781-AE10-44DD-8194-7E6B499871DD}.Debug|x64.Build.0 = Debug|x64
		{7A97D781-AE10-44DD-8194-7E6B499871DD}.Debug|x86.ActiveCfg = Debug|Win32
		{7A97D781-AE10-44DD-8194-7E6B499871DD}.Debug|x86.Build.0 = Debug|Win32
		{7A97D781-AE10-44DD-8194-7E6B499871DD}.Release|x64.ActiveCfg = Release|x64
		{7A97D781-AE10-44DD-8194-7E6B499871DD}.Release|x64.Build.0 = Release|x64
		{7A97D781-AE10-44DD-8194-7E6B499871DD}.Release|x86.ActiveCfg = Release|Win32
		{7A97D781-AE10-44DD-8194-7E6B499871DD}.Release|x86.Build.0 = Release|Win32
		{5C611A05-97BC-4F90-80AB-E63CE79EDB02}.Debug|x64.ActiveCfg = Debug|x64
		{5C611A05-97BC-4F90-80AB-E63CE79EDB02}.Debug|x64.Build.0 = Debug|x64
		{5C611A05-97BC-4F90-80AB-E63CE79EDB02}.Debug|x86.ActiveCfg = Debug|Win32
		{5C611A05-97BC-4F90-80AB-E63CE79EDB02}.Debug|x86.Build.0 = Debug|Win32
		{5C611A05-97BC-4F90-80AB-E63CE79EDB02}.Release|x64.ActiveCfg = Release|x64
		{5C611A05-97BC-4F90-80AB-E63CE79EDB02}.Release|x64.Build.0 = Release|x64
		{5C611A05-97BC-4F90-80AB-E63CE79EDB02}.Release|x86.ActiveCfg = Release|Win32
		{5C611A05-97BC-4F90-80AB-E63CE79EDB02}.Release|x86.Build.0 = Release|Win32
	EndGlobalSection
	GlobalSection(SolutionProperties) = preSolution
		HideSolutionNode = FALSE
	EndGlobalSection
	GlobalSection(ExtensibilityGlobals) = postSolution
		SolutionGuid = {420AE3E4-E36F-417D-A0C7-D7F2817C4D44}
	EndGlobalSection
EndGlobal
